# Generated by pub
# See https://dart.dev/tools/pub/glossary#lockfile
packages:
  archive:
    dependency: transitive
    description:
      name: archive
      sha256: "20071638cbe4e5964a427cfa0e86dce55d060bc7d82d56f3554095d7239a8765"
      url: "https://pub.dev"
    source: hosted
    version: "3.4.2"
  args:
    dependency: transitive
    description:
      name: args
      sha256: d0481093c50b1da8910eb0bb301626d4d8eb7284aa739614d2b394ee09e3ea04
      url: "https://pub.dev"
    source: hosted
    version: "2.7.0"
  async:
    dependency: transitive
    description:
      name: async
      sha256: d2872f9c19731c2e5f10444b14686eb7cc85c76274bd6c16e1816bff9a3bab63
      url: "https://pub.dev"
    source: hosted
    version: "2.12.0"
  boolean_selector:
    dependency: transitive
    description:
      name: boolean_selector
      sha256: "8aab1771e1243a5063b8b0ff68042d67334e3feab9e95b9490f9a6ebf73b42ea"
      url: "https://pub.dev"
    source: hosted
    version: "2.1.2"
  card_swiper:
    dependency: "direct main"
    description:
      name: card_swiper
      sha256: "21e52a144decbf0054e7cfed8bbe46fc89635e6c86b767eaccfe7d5aeba32528"
      url: "https://pub.dev"
    source: hosted
    version: "3.0.1"
  characters:
    dependency: transitive
    description:
      name: characters
      sha256: f71061c654a3380576a52b451dd5532377954cf9dbd272a78fc8479606670803
      url: "https://pub.dev"
    source: hosted
    version: "1.4.0"
  charcode:
    dependency: transitive
    description:
      name: charcode
      sha256: fb98c0f6d12c920a02ee2d998da788bca066ca5f148492b7085ee23372b12306
      url: "https://pub.dev"
    source: hosted
    version: "1.3.1"
  checked_yaml:
    dependency: transitive
    description:
      name: checked_yaml
      sha256: feb6bed21949061731a7a75fc5d2aa727cf160b91af9a3e464c5e3a32e28b5ff
      url: "https://pub.dev"
    source: hosted
    version: "2.0.3"
  cli_util:
    dependency: transitive
    description:
      name: cli_util
      sha256: ff6785f7e9e3c38ac98b2fb035701789de90154024a75b6cb926445e83197d1c
      url: "https://pub.dev"
    source: hosted
    version: "0.4.2"
  clock:
    dependency: transitive
    description:
      name: clock
      sha256: fddb70d9b5277016c77a80201021d40a2247104d9f4aa7bab7157b7e3f05b84b
      url: "https://pub.dev"
    source: hosted
    version: "1.1.2"
  collection:
    dependency: transitive
    description:
      name: collection
      sha256: "2f5709ae4d3d59dd8f7cd309b4e023046b57d8a6c82130785d2b0e5868084e76"
      url: "https://pub.dev"
    source: hosted
    version: "1.19.1"
  convert:
    dependency: transitive
    description:
      name: convert
      sha256: b30acd5944035672bc15c6b7a8b47d773e41e2f17de064350988c5d02adb1c68
      url: "https://pub.dev"
    source: hosted
    version: "3.1.2"
  cross_file:
    dependency: transitive
    description:
      name: cross_file
      sha256: "942a4791cd385a68ccb3b32c71c427aba508a1bb949b86dff2adbe4049f16239"
      url: "https://pub.dev"
    source: hosted
    version: "0.3.5"
  crypto:
    dependency: transitive
    description:
      name: crypto
      sha256: cf75650c66c0316274e21d7c43d3dea246273af5955bd94e8184837cd577575c
      url: "https://pub.dev"
    source: hosted
    version: "3.0.1"
  csslib:
    dependency: transitive
    description:
      name: csslib
      sha256: "09bad715f418841f976c77db72d5398dc1253c21fb9c0c7f0b0b985860b2d58e"
      url: "https://pub.dev"
    source: hosted
    version: "1.0.2"
  cupertino_icons:
    dependency: "direct main"
    description:
      name: cupertino_icons
      sha256: ba631d1c7f7bef6b729a622b7b752645a2d076dba9976925b8f25725a30e1ee6
      url: "https://pub.dev"
    source: hosted
    version: "1.0.8"
  dart_earcut:
    dependency: transitive
    description:
      name: dart_earcut
      sha256: e485001bfc05dcbc437d7bfb666316182e3522d4c3f9668048e004d0eb2ce43b
      url: "https://pub.dev"
    source: hosted
    version: "1.2.0"
  dart_polylabel2:
    dependency: transitive
    description:
      name: dart_polylabel2
      sha256: "7eeab15ce72894e4bdba6a8765712231fc81be0bd95247de4ad9966abc57adc6"
      url: "https://pub.dev"
    source: hosted
    version: "1.0.0"
  dbus:
    dependency: transitive
    description:
      name: dbus
      sha256: "79e0c23480ff85dc68de79e2cd6334add97e48f7f4865d17686dd6ea81a47e8c"
      url: "https://pub.dev"
    source: hosted
    version: "0.7.11"
  fake_async:
    dependency: transitive
    description:
      name: fake_async
      sha256: "6a95e56b2449df2273fd8c45a662d6947ce1ebb7aafe80e550a3f68297f3cacc"
      url: "https://pub.dev"
    source: hosted
    version: "1.3.2"
  ffi:
    dependency: transitive
    description:
      name: ffi
      sha256: "289279317b4b16eb2bb7e271abccd4bf84ec9bdcbe999e278a94b804f5630418"
      url: "https://pub.dev"
    source: hosted
    version: "2.1.4"
  file:
    dependency: transitive
    description:
      name: file
      sha256: a3b4f84adafef897088c160faf7dfffb7696046cb13ae90b508c2cbc95d3b8d4
      url: "https://pub.dev"
    source: hosted
    version: "7.0.1"
  fixnum:
    dependency: transitive
    description:
      name: fixnum
      sha256: b6dc7065e46c974bc7c5f143080a6764ec7a4be6da1285ececdc37be96de53be
      url: "https://pub.dev"
    source: hosted
    version: "1.1.1"
  flutter:
    dependency: "direct main"
    description: flutter
    source: sdk
    version: "0.0.0"
  flutter_launcher_icons:
    dependency: "direct main"
    description:
      name: flutter_launcher_icons
      sha256: "526faf84284b86a4cb36d20a5e45147747b7563d921373d4ee0559c54fcdbcea"
      url: "https://pub.dev"
    source: hosted
    version: "0.13.1"
  flutter_lints:
    dependency: "direct dev"
    description:
      name: flutter_lints
      sha256: b543301ad291598523947dc534aaddc5aaad597b709d2426d3a0e0d44c5cb493
      url: "https://pub.dev"
    source: hosted
    version: "1.0.4"
  flutter_localizations:
    dependency: "direct main"
    description: flutter
    source: sdk
    version: "0.0.0"
  flutter_map:
    dependency: "direct main"
    description:
      name: flutter_map
      sha256: "391e7dc95cc3f5190748210a69d4cfeb5d8f84dcdfa9c3235d0a9d7742ccb3f8"
      url: "https://pub.dev"
    source: hosted
    version: "8.2.2"
  flutter_map_location_marker:
    dependency: "direct main"
    description:
      name: flutter_map_location_marker
      sha256: "474695ec9052c17e307bdef98b66be2c183324f956efad24d86ad34a71942e4d"
      url: "https://pub.dev"
    source: hosted
    version: "10.1.0"
  flutter_rotation_sensor:
    dependency: transitive
    description:
      name: flutter_rotation_sensor
      sha256: "7944dbadf3d05be128a81cb0f37b2ba2b53247fef22b85f8096c60b06c1e50a4"
      url: "https://pub.dev"
    source: hosted
    version: "0.1.1"
  flutter_test:
    dependency: "direct dev"
    description: flutter
    source: sdk
    version: "0.0.0"
  flutter_web_plugins:
    dependency: transitive
    description: flutter
    source: sdk
    version: "0.0.0"
  geoclue:
    dependency: transitive
    description:
      name: geoclue
      sha256: c2a998c77474fc57aa00c6baa2928e58f4b267649057a1c76738656e9dbd2a7f
      url: "https://pub.dev"
    source: hosted
    version: "0.1.1"
  geolocator:
    dependency: transitive
    description:
      name: geolocator
      sha256: "79939537046c9025be47ec645f35c8090ecadb6fe98eba146a0d25e8c1357516"
      url: "https://pub.dev"
    source: hosted
    version: "14.0.2"
  geolocator_android:
    dependency: transitive
    description:
      name: geolocator_android
      sha256: "179c3cb66dfa674fc9ccbf2be872a02658724d1c067634e2c427cf6df7df901a"
      url: "https://pub.dev"
    source: hosted
    version: "5.0.2"
  geolocator_apple:
    dependency: transitive
    description:
      name: geolocator_apple
      sha256: dbdd8789d5aaf14cf69f74d4925ad1336b4433a6efdf2fce91e8955dc921bf22
      url: "https://pub.dev"
    source: hosted
    version: "2.3.13"
  geolocator_linux:
    dependency: transitive
    description:
      name: geolocator_linux
      sha256: c4e966f0a7a87e70049eac7a2617f9e16fd4c585a26e4330bdfc3a71e6a721f3
      url: "https://pub.dev"
    source: hosted
    version: "0.2.3"
  geolocator_platform_interface:
    dependency: transitive
    description:
      name: geolocator_platform_interface
      sha256: "30cb64f0b9adcc0fb36f628b4ebf4f731a2961a0ebd849f4b56200205056fe67"
      url: "https://pub.dev"
    source: hosted
    version: "4.2.6"
  geolocator_web:
    dependency: transitive
    description:
      name: geolocator_web
      sha256: b1ae9bdfd90f861fde8fd4f209c37b953d65e92823cb73c7dee1fa021b06f172
      url: "https://pub.dev"
    source: hosted
    version: "4.1.3"
  geolocator_windows:
    dependency: transitive
    description:
      name: geolocator_windows
      sha256: "175435404d20278ffd220de83c2ca293b73db95eafbdc8131fe8609be1421eb6"
      url: "https://pub.dev"
    source: hosted
    version: "0.2.5"
  gsettings:
    dependency: transitive
    description:
      name: gsettings
      sha256: "1b0ce661f5436d2db1e51f3c4295a49849f03d304003a7ba177d01e3a858249c"
      url: "https://pub.dev"
    source: hosted
    version: "0.2.8"
  html:
    dependency: transitive
    description:
      name: html
      sha256: "6d1264f2dffa1b1101c25a91dff0dc2daee4c18e87cd8538729773c073dbf602"
      url: "https://pub.dev"
    source: hosted
    version: "0.15.6"
  http:
    dependency: transitive
    description:
      name: http
      sha256: "87721a4a50b19c7f1d49001e51409bddc46303966ce89a65af4f4e6004896412"
      url: "https://pub.dev"
    source: hosted
    version: "1.6.0"
  http_parser:
    dependency: transitive
    description:
      name: http_parser
      sha256: e362d639ba3bc07d5a71faebb98cde68c05bfbcfbbb444b60b6f60bb67719185
      url: "https://pub.dev"
    source: hosted
    version: "4.0.0"
  image:
    dependency: transitive
    description:
      name: image
      sha256: "2237616a36c0d69aef7549ab439b833fb7f9fb9fc861af2cc9ac3eedddd69ca8"
      url: "https://pub.dev"
    source: hosted
    version: "4.2.0"
  intl:
    dependency: transitive
    description:
      name: intl
      sha256: d6f56758b7d3014a48af9701c085700aac781a92a87a62b1333b46d8879661cf
      url: "https://pub.dev"
    source: hosted
    version: "0.19.0"
  js:
    dependency: transitive
    description:
      name: js
      sha256: a5e201311cb08bf3912ebbe9a2be096e182d703f881136ec1e81a2338a9e120d
      url: "https://pub.dev"
    source: hosted
    version: "0.6.4"
  json_annotation:
    dependency: transitive
    description:
      name: json_annotation
      sha256: "1ce844379ca14835a50d2f019a3099f419082cfdd231cd86a142af94dd5c6bb1"
      url: "https://pub.dev"
    source: hosted
    version: "4.9.0"
  latlong2:
    dependency: transitive
    description:
      name: latlong2
      sha256: "98227922caf49e6056f91b6c56945ea1c7b166f28ffcd5fb8e72fc0b453cc8fe"
      url: "https://pub.dev"
    source: hosted
    version: "0.9.1"
  leak_tracker:
    dependency: transitive
    description:
      name: leak_tracker
      sha256: c35baad643ba394b40aac41080300150a4f08fd0fd6a10378f8f7c6bc161acec
      url: "https://pub.dev"
    source: hosted
    version: "10.0.8"
  leak_tracker_flutter_testing:
    dependency: transitive
    description:
      name: leak_tracker_flutter_testing
      sha256: f8b613e7e6a13ec79cfdc0e97638fddb3ab848452eff057653abd3edba760573
      url: "https://pub.dev"
    source: hosted
    version: "3.0.9"
  leak_tracker_testing:
    dependency: transitive
    description:
      name: leak_tracker_testing
      sha256: "6ba465d5d76e67ddf503e1161d1f4a6bc42306f9d66ca1e8f079a47290fb06d3"
      url: "https://pub.dev"
    source: hosted
    version: "3.0.1"
  lints:
    dependency: transitive
    description:
      name: lints
      sha256: a2c3d198cb5ea2e179926622d433331d8b58374ab8f29cdda6e863bd62fd369c
      url: "https://pub.dev"
    source: hosted
    version: "1.0.1"
  lists:
    dependency: transitive
    description:
      name: lists
      sha256: "4ca5c19ae4350de036a7e996cdd1ee39c93ac0a2b840f4915459b7d0a7d4ab27"
      url: "https://pub.dev"
    source: hosted
    version: "1.0.1"
  logger:
    dependency: transitive
    description:
      name: logger
      sha256: a7967e31b703831a893bbc3c3dd11db08126fe5f369b5c648a36f821979f5be3
      url: "https://pub.dev"
    source: hosted
    version: "2.6.2"
  logging:
    dependency: transitive
    description:
      name: logging
      sha256: c8245ada5f1717ed44271ed1c26b8ce85ca3228fd2ffdb75468ab01979309d61
      url: "https://pub.dev"
    source: hosted
    version: "1.3.0"
  matcher:
    dependency: transitive
    description:
      name: matcher
      sha256: dc58c723c3c24bf8d3e2d3ad3f2f9d7bd9cf43ec6feaa64181775e60190153f2
      url: "https://pub.dev"
    source: hosted
    version: "0.12.17"
  material_color_utilities:
    dependency: transitive
    description:
      name: material_color_utilities
      sha256: f7142bb1154231d7ea5f96bc7bde4bda2a0945d2806bb11670e30b850d56bdec
      url: "https://pub.dev"
    source: hosted
    version: "0.11.1"
  meta:
    dependency: transitive
    description:
      name: meta
      sha256: e3641ec5d63ebf0d9b41bd43201a66e3fc79a65db5f61fc181f04cd27aab950c
      url: "https://pub.dev"
    source: hosted
    version: "1.16.0"
  mgrs_dart:
    dependency: transitive
    description:
      name: mgrs_dart
      sha256: fb89ae62f05fa0bb90f70c31fc870bcbcfd516c843fb554452ab3396f78586f7
      url: "https://pub.dev"
    source: hosted
    version: "2.0.0"
  mime:
    dependency: transitive
    description:
      name: mime
      sha256: "41a20518f0cb1256669420fdba0cd90d21561e560ac240f26ef8322e45bb7ed6"
      url: "https://pub.dev"
    source: hosted
    version: "2.0.0"
  native_device_orientation:
    dependency: transitive
    description:
      name: native_device_orientation
      sha256: bc0bcccc79752048d2235c10545c5fd554a46035fe0a4a4534d1bb9d8bc85e6c
      url: "https://pub.dev"
    source: hosted
    version: "2.0.4"
  package_info_plus:
    dependency: transitive
    description:
      name: package_info_plus
      sha256: "16eee997588c60225bda0488b6dcfac69280a6b7a3cf02c741895dd370a02968"
      url: "https://pub.dev"
    source: hosted
    version: "8.3.1"
  package_info_plus_platform_interface:
    dependency: transitive
    description:
      name: package_info_plus_platform_interface
      sha256: "202a487f08836a592a6bd4f901ac69b3a8f146af552bbd14407b6b41e1c3f086"
      url: "https://pub.dev"
    source: hosted
    version: "3.2.1"
  path:
    dependency: transitive
    description:
      name: path
      sha256: "75cca69d1490965be98c73ceaea117e8a04dd21217b37b292c9ddbec0d955bc5"
      url: "https://pub.dev"
    source: hosted
    version: "1.9.1"
  path_provider:
    dependency: transitive
    description:
      name: path_provider
      sha256: "50c5dd5b6e1aaf6fb3a78b33f6aa3afca52bf903a8a5298f53101fdaee55bbcd"
      url: "https://pub.dev"
    source: hosted
    version: "2.1.5"
  path_provider_android:
    dependency: transitive
    description:
      name: path_provider_android
      sha256: "3b4c1fc3aa55ddc9cd4aa6759984330d5c8e66aa7702a6223c61540dc6380c37"
      url: "https://pub.dev"
    source: hosted
    version: "2.2.19"
  path_provider_foundation:
    dependency: transitive
    description:
      name: path_provider_foundation
      sha256: "16eef174aacb07e09c351502740fa6254c165757638eba1e9116b0a781201bbd"
      url: "https://pub.dev"
    source: hosted
    version: "2.4.2"
  path_provider_linux:
    dependency: transitive
    description:
      name: path_provider_linux
      sha256: f7a1fe3a634fe7734c8d3f2766ad746ae2a2884abe22e241a8b301bf5cac3279
      url: "https://pub.dev"
    source: hosted
    version: "2.2.1"
  path_provider_platform_interface:
    dependency: transitive
    description:
      name: path_provider_platform_interface
      sha256: "88f5779f72ba699763fa3a3b06aa4bf6de76c8e5de842cf6f29e2e06476c2334"
      url: "https://pub.dev"
    source: hosted
    version: "2.1.2"
  path_provider_windows:
    dependency: transitive
    description:
      name: path_provider_windows
      sha256: bd6f00dbd873bfb70d0761682da2b3a2c2fccc2b9e84c495821639601d81afe7
      url: "https://pub.dev"
    source: hosted
    version: "2.3.0"
  petitparser:
    dependency: transitive
    description:
      name: petitparser
      sha256: "07c8f0b1913bcde1ff0d26e57ace2f3012ccbf2b204e070290dad3bb22797646"
      url: "https://pub.dev"
    source: hosted
    version: "6.1.0"
  platform:
    dependency: transitive
    description:
      name: platform
      sha256: "5d6b1b0036a5f331ebc77c850ebc8506cbc1e9416c27e59b439f917a902a4984"
      url: "https://pub.dev"
    source: hosted
    version: "3.1.6"
  plugin_platform_interface:
    dependency: transitive
    description:
      name: plugin_platform_interface
      sha256: "4820fbfdb9478b1ebae27888254d445073732dae3d6ea81f0b7e06d5dedc3f02"
      url: "https://pub.dev"
    source: hosted
    version: "2.1.8"
  pointycastle:
    dependency: transitive
    description:
      name: pointycastle
      sha256: "4be0097fcf3fd3e8449e53730c631200ebc7b88016acecab2b0da2f0149222fe"
      url: "https://pub.dev"
    source: hosted
    version: "3.9.1"
  proj4dart:
    dependency: transitive
    description:
      name: proj4dart
      sha256: c8a659ac9b6864aa47c171e78d41bbe6f5e1d7bd790a5814249e6b68bc44324e
      url: "https://pub.dev"
    source: hosted
    version: "2.1.0"
  share_plus:
    dependency: "direct main"
    description:
      name: share_plus
      sha256: "14c8860d4de93d3a7e53af51bff479598c4e999605290756bbbe45cf65b37840"
      url: "https://pub.dev"
    source: hosted
    version: "12.0.1"
  share_plus_platform_interface:
    dependency: transitive
    description:
      name: share_plus_platform_interface
      sha256: "88023e53a13429bd65d8e85e11a9b484f49d4c190abbd96c7932b74d6927cc9a"
      url: "https://pub.dev"
    source: hosted
    version: "6.1.0"
  sky_engine:
    dependency: transitive
    description: flutter
    source: sdk
    version: "0.0.0"
  source_span:
    dependency: transitive
    description:
      name: source_span
      sha256: "254ee5351d6cb365c859e20ee823c3bb479bf4a293c22d17a9f1bf144ce86f7c"
      url: "https://pub.dev"
    source: hosted
    version: "1.10.1"
  stack_trace:
    dependency: transitive
    description:
      name: stack_trace
      sha256: "8b27215b45d22309b5cddda1aa2b19bdfec9df0e765f2de506401c071d38d1b1"
      url: "https://pub.dev"
    source: hosted
    version: "1.12.1"
  stream_channel:
    dependency: transitive
    description:
      name: stream_channel
      sha256: "969e04c80b8bcdf826f8f16579c7b14d780458bd97f56d107d3950fdbeef059d"
      url: "https://pub.dev"
    source: hosted
    version: "2.1.4"
  string_scanner:
    dependency: transitive
    description:
      name: string_scanner
      sha256: "921cd31725b72fe181906c6a94d987c78e3b98c2e205b397ea399d4054872b43"
      url: "https://pub.dev"
    source: hosted
    version: "1.4.1"
  term_glyph:
    dependency: transitive
    description:
      name: term_glyph
      sha256: "7f554798625ea768a7518313e58f83891c7f5024f88e46e7182a4558850a4b8e"
      url: "https://pub.dev"
    source: hosted
    version: "1.2.2"
  test_api:
    dependency: transitive
    description:
      name: test_api
      sha256: fb31f383e2ee25fbbfe06b40fe21e1e458d14080e3c67e7ba0acfde4df4e0bbd
      url: "https://pub.dev"
    source: hosted
    version: "0.7.4"
  typed_data:
    dependency: transitive
    description:
      name: typed_data
      sha256: "53bdf7e979cfbf3e28987552fd72f637e63f3c8724c9e56d9246942dc2fa36ee"
      url: "https://pub.dev"
    source: hosted
    version: "1.3.0"
  unicode:
    dependency: transitive
    description:
      name: unicode
      sha256: "0f69e46593d65245774d4f17125c6084d2c20b4e473a983f6e21b7d7762218f1"
      url: "https://pub.dev"
    source: hosted
    version: "0.3.1"
  url_launcher:
    dependency: "direct main"
    description:
      name: url_launcher
      sha256: f6a7e5c4835bb4e3026a04793a4199ca2d14c739ec378fdfe23fc8075d0439f8
      url: "https://pub.dev"
    source: hosted
    version: "6.3.2"
  url_launcher_android:
    dependency: transitive
    description:
      name: url_launcher_android
      sha256: "81777b08c498a292d93ff2feead633174c386291e35612f8da438d6e92c4447e"
      url: "https://pub.dev"
    source: hosted
    version: "6.3.20"
  url_launcher_ios:
    dependency: transitive
    description:
      name: url_launcher_ios
      sha256: d80b3f567a617cb923546034cc94bfe44eb15f989fe670b37f26abdb9d939cb7
      url: "https://pub.dev"
    source: hosted
    version: "6.3.4"
  url_launcher_linux:
    dependency: transitive
    description:
      name: url_launcher_linux
      sha256: "4e9ba368772369e3e08f231d2301b4ef72b9ff87c31192ef471b380ef29a4935"
      url: "https://pub.dev"
    source: hosted
    version: "3.2.1"
  url_launcher_macos:
    dependency: transitive
    description:
      name: url_launcher_macos
      sha256: c043a77d6600ac9c38300567f33ef12b0ef4f4783a2c1f00231d2b1941fea13f
      url: "https://pub.dev"
    source: hosted
    version: "3.2.3"
  url_launcher_platform_interface:
    dependency: transitive
    description:
      name: url_launcher_platform_interface
      sha256: "552f8a1e663569be95a8190206a38187b531910283c3e982193e4f2733f01029"
      url: "https://pub.dev"
    source: hosted
    version: "2.3.2"
  url_launcher_web:
    dependency: transitive
    description:
      name: url_launcher_web
      sha256: "4bd2b7b4dc4d4d0b94e5babfffbca8eac1a126c7f3d6ecbc1a11013faa3abba2"
      url: "https://pub.dev"
    source: hosted
    version: "2.4.1"
  url_launcher_windows:
    dependency: transitive
    description:
      name: url_launcher_windows
      sha256: "3284b6d2ac454cf34f114e1d3319866fdd1e19cdc329999057e44ffe936cfa77"
      url: "https://pub.dev"
    source: hosted
    version: "3.1.4"
  uuid:
    dependency: transitive
    description:
      name: uuid
      sha256: a11b666489b1954e01d992f3d601b1804a33937b5a8fe677bd26b8a9f96f96e8
      url: "https://pub.dev"
    source: hosted
    version: "4.5.2"
  vector_math:
    dependency: transitive
    description:
      name: vector_math
      sha256: "80b3257d1492ce4d091729e3a67a60407d227c27241d6927be0130c98e741803"
      url: "https://pub.dev"
    source: hosted
    version: "2.1.4"
  video_player:
    dependency: "direct main"
    description:
      name: video_player
      sha256: "096bc28ce10d131be80dfb00c223024eb0fba301315a406728ab43dd99c45bdf"
      url: "https://pub.dev"
    source: hosted
    version: "2.10.1"
  video_player_android:
    dependency: transitive
    description:
      name: video_player_android
      sha256: a8dc4324f67705de057678372bedb66cd08572fe7c495605ac68c5f503324a39
      url: "https://pub.dev"
    source: hosted
    version: "2.8.15"
  video_player_avfoundation:
    dependency: transitive
    description:
      name: video_player_avfoundation
      sha256: f9a780aac57802b2892f93787e5ea53b5f43cc57dc107bee9436458365be71cd
      url: "https://pub.dev"
    source: hosted
    version: "2.8.4"
  video_player_platform_interface:
    dependency: transitive
    description:
      name: video_player_platform_interface
      sha256: "57c5d73173f76d801129d0531c2774052c5a7c11ccb962f1830630decd9f24ec"
      url: "https://pub.dev"
    source: hosted
    version: "6.6.0"
  video_player_web:
    dependency: transitive
    description:
      name: video_player_web
      sha256: "9f3c00be2ef9b76a95d94ac5119fb843dca6f2c69e6c9968f6f2b6c9e7afbdeb"
      url: "https://pub.dev"
    source: hosted
    version: "2.4.0"
  vm_service:
    dependency: transitive
    description:
      name: vm_service
      sha256: "0968250880a6c5fe7edc067ed0a13d4bae1577fe2771dcf3010d52c4a9d3ca14"
      url: "https://pub.dev"
    source: hosted
    version: "14.3.1"
  web:
    dependency: transitive
    description:
      name: web
      sha256: "868d88a33d8a87b18ffc05f9f030ba328ffefba92d6c127917a2ba740f9cfe4a"
      url: "https://pub.dev"
    source: hosted
    version: "1.1.1"
  win32:
    dependency: transitive
    description:
      name: win32
      sha256: "329edf97fdd893e0f1e3b9e88d6a0e627128cc17cc316a8d67fda8f1451178ba"
      url: "https://pub.dev"
    source: hosted
    version: "5.13.0"
  wkt_parser:
    dependency: transitive
    description:
      name: wkt_parser
      sha256: "8a555fc60de3116c00aad67891bcab20f81a958e4219cc106e3c037aa3937f13"
      url: "https://pub.dev"
    source: hosted
    version: "2.0.0"
  xdg_directories:
    dependency: transitive
    description:
      name: xdg_directories
      sha256: "7a3f37b05d989967cdddcbb571f1ea834867ae2faa29725fd085180e0883aa15"
      url: "https://pub.dev"
    source: hosted
    version: "1.1.0"
  xml:
    dependency: transitive
    description:
      name: xml
      sha256: b015a8ad1c488f66851d762d3090a21c600e479dc75e68328c52774040cf9226
      url: "https://pub.dev"
    source: hosted
    version: "6.5.0"
  yaml:
    dependency: transitive
    description:
      name: yaml
      sha256: b9da305ac7c39faa3f030eccd175340f968459dae4af175130b3fc47e40d76ce
      url: "https://pub.dev"
    source: hosted
    version: "3.1.3"
sdks:
  dart: ">=3.7.0 <4.0.0"
  flutter: ">=3.29.0"
